
Microsoft Visual Studio Solution File, Format Version 12.00
# Visual Studio Version 17
VisualStudioVersion = 17.6.33829.357
MinimumVisualStudioVersion = 10.0.40219.1
Project("{9A19103F-16F7-4668-BE54-9A1E7A4F7556}") = "AvaRxUI", "AvaRxUI.csproj", "{726CE375-AF35-420A-81E8-CE32D20F60D9}"
EndProject
Global
	GlobalSection(SolutionConfigurationPlatforms) = preSolution
		Debug|Any CPU = Debug|Any CPU
		Release|Any CPU = Release|Any CPU
	EndGlobalSection
	GlobalSection(ProjectConfigurationPlatforms) = postSolution
		{726CE375-AF35-420A-81E8-CE32D20F60D9}.Debug|Any CPU.ActiveCfg = Debug|Any CPU
		{726CE375-AF35-420A-81E8-CE32D20F60D9}.Debug|Any CPU.Build.0 = Debug|Any CPU
		{726CE375-AF35-420A-81E8-CE32D20F60D9}.Release|Any CPU.ActiveCfg = Release|Any CPU
		{726CE375-AF35-420A-81E8-CE32D20F60D9}.Release|Any CPU.Build.0 = Release|Any CPU
	EndGlobalSection
	GlobalSection(SolutionProperties) = preSolution
		HideSolutionNode = FALSE
	EndGlobalSection
	GlobalSection(ExtensibilityGlobals) = postSolution
		SolutionGuid = {8EBDDDB4-BEDF-474D-B78B-8E8142005C84}
	EndGlobalSection
EndGlobal
